
Microsoft Visual Studio Solution File, Format Version 12.00
# Visual Studio Version 17
VisualStudioVersion = 17.14.36221.1
MinimumVisualStudioVersion = 10.0.40219.1
Project("{FAE04EC0-301F-11D3-BF4B-00C04F79EFBC}") = "MultiUnitTests", "MultiUnitTests\MultiUnitTests.csproj", "{56437088-C224-46D7-A2DE-E333E445C717}"
EndProject
Project("{FAE04EC0-301F-11D3-BF4B-00C04F79EFBC}") = "SimpleDLL", "SimpleDLL\SimpleDLL.csproj", "{0B758894-1B69-4F06-AAE2-037339A6A45F}"
EndProject
Project("{FAE04EC0-301F-11D3-BF4B-00C04F79EFBC}") = "xUnit.Test", "xUnit.Test\xUnit.Test.csproj", "{0033B6CA-D66F-4840-8F8F-59E59FA0A45F}"
EndProject
Project("{FAE04EC0-301F-11D3-BF4B-00C04F79EFBC}") = "MSTest.Test", "MSTest.Test\MSTest.Test.csproj", "{1BADF502-E9E4-49AA-A7B7-8DD6F540EA7B}"
EndProject
Global
	GlobalSection(SolutionConfigurationPlatforms) = preSolution
		Debug|Any CPU = Debug|Any CPU
		Release|Any CPU = Release|Any CPU
	EndGlobalSection
	GlobalSection(ProjectConfigurationPlatforms) = postSolution
		{56437088-C224-46D7-A2DE-E333E445C717}.Debug|Any CPU.ActiveCfg = Debug|Any CPU
		{56437088-C224-46D7-A2DE-E333E445C717}.Debug|Any CPU.Build.0 = Debug|Any CPU
		{56437088-C224-46D7-A2DE-E333E445C717}.Release|Any CPU.ActiveCfg = Release|Any CPU
		{56437088-C224-46D7-A2DE-E333E445C717}.Release|Any CPU.Build.0 = Release|Any CPU
		{0B758894-1B69-4F06-AAE2-037339A6A45F}.Debug|Any CPU.ActiveCfg = Debug|Any CPU
		{0B758894-1B69-4F06-AAE2-037339A6A45F}.Debug|Any CPU.Build.0 = Debug|Any CPU
		{0B758894-1B69-4F06-AAE2-037339A6A45F}.Release|Any CPU.ActiveCfg = Release|Any CPU
		{0B758894-1B69-4F06-AAE2-037339A6A45F}.Release|Any CPU.Build.0 = Release|Any CPU
		{0033B6CA-D66F-4840-8F8F-59E59FA0A45F}.Debug|Any CPU.ActiveCfg = Debug|Any CPU
		{0033B6CA-D66F-4840-8F8F-59E59FA0A45F}.Debug|Any CPU.Build.0 = Debug|Any CPU
		{0033B6CA-D66F-4840-8F8F-59E59FA0A45F}.Release|Any CPU.ActiveCfg = Release|Any CPU
		{0033B6CA-D66F-4840-8F8F-59E59FA0A45F}.Release|Any CPU.Build.0 = Release|Any CPU
		{1BADF502-E9E4-49AA-A7B7-8DD6F540EA7B}.Debug|Any CPU.ActiveCfg = Debug|Any CPU
		{1BADF502-E9E4-49AA-A7B7-8DD6F540EA7B}.Debug|Any CPU.Build.0 = Debug|Any CPU
		{1BADF502-E9E4-49AA-A7B7-8DD6F540EA7B}.Release|Any CPU.ActiveCfg = Release|Any CPU
		{1BADF502-E9E4-49AA-A7B7-8DD6F540EA7B}.Release|Any CPU.Build.0 = Release|Any CPU
	EndGlobalSection
	GlobalSection(SolutionProperties) = preSolution
		HideSolutionNode = FALSE
	EndGlobalSection
	GlobalSection(ExtensibilityGlobals) = postSolution
		SolutionGuid = {1881FCB6-45EC-4439-8248-D9D1734A5479}
	EndGlobalSection
EndGlobal
